// !$*UTF8*$!
{
	archiveVersion = 1;
	classes = {
	};
	objectVersion = 46;
	objects = {

/* Begin PBXBuildFile section */
		3310BE2F1828ACB000E61EF8 /* Foundation.framework in Frameworks */ = {isa = PBXBuildFile; fileRef = 3310BE2E1828ACB000E61EF8 /* Foundation.framework */; };
		3310BE311828ACB000E61EF8 /* CoreGraphics.framework in Frameworks */ = {isa = PBXBuildFile; fileRef = 3310BE301828ACB000E61EF8 /* CoreGraphics.framework */; };
		3310BE331828ACB000E61EF8 /* UIKit.framework in Frameworks */ = {isa = PBXBuildFile; fileRef = 3310BE321828ACB000E61EF8 /* UIKit.framework */; };
		3310BE391828ACB000E61EF8 /* InfoPlist.strings in Resources */ = {isa = PBXBuildFile; fileRef = 3310BE371828ACB000E61EF8 /* InfoPlist.strings */; };
		3310BE3B1828ACB000E61EF8 /* main.m in Sources */ = {isa = PBXBuildFile; fileRef = 3310BE3A1828ACB000E61EF8 /* main.m */; };
		3310BE3F1828ACB000E61EF8 /* AppDelegate.m in Sources */ = {isa = PBXBuildFile; fileRef = 3310BE3E1828ACB000E61EF8 /* AppDelegate.m */; };
		3310BE421828ACB000E61EF8 /* Main.storyboard in Resources */ = {isa = PBXBuildFile; fileRef = 3310BE401828ACB000E61EF8 /* Main.storyboard */; };
		3310BE451828ACB000E61EF8 /* MasterViewController.m in Sources */ = {isa = PBXBuildFile; fileRef = 3310BE441828ACB000E61EF8 /* MasterViewController.m */; };
		3310BE481828ACB000E61EF8 /* DetailViewController.m in Sources */ = {isa = PBXBuildFile; fileRef = 3310BE471828ACB000E61EF8 /* DetailViewController.m */; };
		3310BE4A1828ACB000E61EF8 /* Images.xcassets in Resources */ = {isa = PBXBuildFile; fileRef = 3310BE491828ACB000E61EF8 /* Images.xcassets */; };
		3310BE511828ACB000E61EF8 /* XCTest.framework in Frameworks */ = {isa = PBXBuildFile; fileRef = 3310BE501828ACB000E61EF8 /* XCTest.framework */; };
		3310BE521828ACB000E61EF8 /* Foundation.framework in Frameworks */ = {isa = PBXBuildFile; fileRef = 3310BE2E1828ACB000E61EF8 /* Foundation.framework */; };
		3310BE531828ACB000E61EF8 /* UIKit.framework in Frameworks */ = {isa = PBXBuildFile; fileRef = 3310BE321828ACB000E61EF8 /* UIKit.framework */; };
		3310BE5B1828ACB000E61EF8 /* InfoPlist.strings in Resources */ = {isa = PBXBuildFile; fileRef = 3310BE591828ACB000E61EF8 /* InfoPlist.strings */; };
		3310BE5D1828ACB000E61EF8 /* iOSDocumentsTests.m in Sources */ = {isa = PBXBuildFile; fileRef = 3310BE5C1828ACB000E61EF8 /* iOSDocumentsTests.m */; };
		3310BE681828AF5100E61EF8 /* SampleDocument.m in Sources */ = {isa = PBXBuildFile; fileRef = 3310BE671828AF5100E61EF8 /* SampleDocument.m */; };
/* End PBXBuildFile section */

/* Begin PBXContainerItemProxy section */
		3310BE541828ACB000E61EF8 /* PBXContainerItemProxy */ = {
			isa = PBXContainerItemProxy;
			containerPortal = 3310BE231828ACB000E61EF8 /* Project object */;
			proxyType = 1;
			remoteGlobalIDString = 3310BE2A1828ACB000E61EF8;
			remoteInfo = iOSDocuments;
		};
/* End PBXContainerItemProxy section */

/* Begin PBXFileReference section */
		3310BE2B1828ACB000E61EF8 /* iOSDocuments.app */ = {isa = PBXFileReference; explicitFileType = wrapper.application; includeInIndex = 0; path = iOSDocuments.app; sourceTree = BUILT_PRODUCTS_DIR; };
		3310BE2E1828ACB000E61EF8 /* Foundation.framework */ = {isa = PBXFileReference; lastKnownFileType = wrapper.framework; name = Foundation.framework; path = System/Library/Frameworks/Foundation.framework; sourceTree = SDKROOT; };
		3310BE301828ACB000E61EF8 /* CoreGraphics.framework */ = {isa = PBXFileReference; lastKnownFileType = wrapper.framework; name = CoreGraphics.framework; path = System/Library/Frameworks/CoreGraphics.framework; sourceTree = SDKROOT; };
		3310BE321828ACB000E61EF8 /* UIKit.framework */ = {isa = PBXFileReference; lastKnownFileType = wrapper.framework; name = UIKit.framework; path = System/Library/Frameworks/UIKit.framework; sourceTree = SDKROOT; };
		3310BE361828ACB000E61EF8 /* iOSDocuments-Info.plist */ = {isa = PBXFileReference; lastKnownFileType = text.plist.xml; path = "iOSDocuments-Info.plist"; sourceTree = "<group>"; };
		3310BE381828ACB000E61EF8 /* en */ = {isa = PBXFileReference; lastKnownFileType = text.plist.strings; name = en; path = en.lproj/InfoPlist.strings; sourceTree = "<group>"; };
		3310BE3A1828ACB000E61EF8 /* main.m */ = {isa = PBXFileReference; lastKnownFileType = sourcecode.c.objc; path = main.m; sourceTree = "<group>"; };
		3310BE3C1828ACB000E61EF8 /* iOSDocuments-Prefix.pch */ = {isa = PBXFileReference; lastKnownFileType = sourcecode.c.h; path = "iOSDocuments-Prefix.pch"; sourceTree = "<group>"; };
		3310BE3D1828ACB000E61EF8 /* AppDelegate.h */ = {isa = PBXFileReference; lastKnownFileType = sourcecode.c.h; path = AppDelegate.h; sourceTree = "<group>"; };
		3310BE3E1828ACB000E61EF8 /* AppDelegate.m */ = {isa = PBXFileReference; lastKnownFileType = sourcecode.c.objc; path = AppDelegate.m; sourceTree = "<group>"; };
		3310BE411828ACB000E61EF8 /* Base */ = {isa = PBXFileReference; lastKnownFileType = file.storyboard; name = Base; path = Base.lproj/Main.storyboard; sourceTree = "<group>"; };
		3310BE431828ACB000E61EF8 /* MasterViewController.h */ = {isa = PBXFileReference; lastKnownFileType = sourcecode.c.h; path = MasterViewController.h; sourceTree = "<group>"; };
		3310BE441828ACB000E61EF8 /* MasterViewController.m */ = {isa = PBXFileReference; lastKnownFileType = sourcecode.c.objc; path = MasterViewController.m; sourceTree = "<group>"; };
		3310BE461828ACB000E61EF8 /* DetailViewController.h */ = {isa = PBXFileReference; lastKnownFileType = sourcecode.c.h; path = DetailViewController.h; sourceTree = "<group>"; };
		3310BE471828ACB000E61EF8 /* DetailViewController.m */ = {isa = PBXFileReference; lastKnownFileType = sourcecode.c.objc; path = DetailViewController.m; sourceTree = "<group>"; };
		3310BE491828ACB000E61EF8 /* Images.xcassets */ = {isa = PBXFileReference; lastKnownFileType = folder.assetcatalog; path = Images.xcassets; sourceTree = "<group>"; };
		3310BE4F1828ACB000E61EF8 /* iOSDocumentsTests.xctest */ = {isa = PBXFileReference; explicitFileType = wrapper.cfbundle; includeInIndex = 0; path = iOSDocumentsTests.xctest; sourceTree = BUILT_PRODUCTS_DIR; };
		3310BE501828ACB000E61EF8 /* XCTest.framework */ = {isa = PBXFileReference; lastKnownFileType = wrapper.framework; name = XCTest.framework; path = Library/Frameworks/XCTest.framework; sourceTree = DEVELOPER_DIR; };
		3310BE581828ACB000E61EF8 /* iOSDocumentsTests-Info.plist */ = {isa = PBXFileReference; lastKnownFileType = text.plist.xml; path = "iOSDocumentsTests-Info.plist"; sourceTree = "<group>"; };
		3310BE5A1828ACB000E61EF8 /* en */ = {isa = PBXFileReference; lastKnownFileType = text.plist.strings; name = en; path = en.lproj/InfoPlist.strings; sourceTree = "<group>"; };
		3310BE5C1828ACB000E61EF8 /* iOSDocumentsTests.m */ = {isa = PBXFileReference; lastKnownFileType = sourcecode.c.objc; path = iOSDocumentsTests.m; sourceTree = "<group>"; };
		3310BE661828AF5100E61EF8 /* SampleDocument.h */ = {isa = PBXFileReference; fileEncoding = 4; lastKnownFileType = sourcecode.c.h; path = SampleDocument.h; sourceTree = "<group>"; };
		3310BE671828AF5100E61EF8 /* SampleDocument.m */ = {isa = PBXFileReference; fileEncoding = 4; lastKnownFileType = sourcecode.c.objc; path = SampleDocument.m; sourceTree = "<group>"; };
/* End PBXFileReference section */

/* Begin PBXFrameworksBuildPhase section */
		3310BE281828ACB000E61EF8 /* Frameworks */ = {
			isa = PBXFrameworksBuildPhase;
			buildActionMask = 2147483647;
			files = (
				3310BE311828ACB000E61EF8 /* CoreGraphics.framework in Frameworks */,
				3310BE331828ACB000E61EF8 /* UIKit.framework in Frameworks */,
				3310BE2F1828ACB000E61EF8 /* Foundation.framework in Frameworks */,
			);
			runOnlyForDeploymentPostprocessing = 0;
		};
		3310BE4C1828ACB000E61EF8 /* Frameworks */ = {
			isa = PBXFrameworksBuildPhase;
			buildActionMask = 2147483647;
			files = (
				3310BE511828ACB000E61EF8 /* XCTest.framework in Frameworks */,
				3310BE531828ACB000E61EF8 /* UIKit.framework in Frameworks */,
				3310BE521828ACB000E61EF8 /* Foundation.framework in Frameworks */,
			);
			runOnlyForDeploymentPostprocessing = 0;
		};
/* End PBXFrameworksBuildPhase section */

/* Begin PBXGroup section */
		3310BE221828ACB000E61EF8 = {
			isa = PBXGroup;
			children = (
				3310BE341828ACB000E61EF8 /* iOSDocuments */,
				3310BE561828ACB000E61EF8 /* iOSDocumentsTests */,
				3310BE2D1828ACB000E61EF8 /* Frameworks */,
				3310BE2C1828ACB000E61EF8 /* Products */,
			);
			sourceTree = "<group>";
		};
		3310BE2C1828ACB000E61EF8 /* Products */ = {
			isa = PBXGroup;
			children = (
				3310BE2B1828ACB000E61EF8 /* iOSDocuments.app */,
				3310BE4F1828ACB000E61EF8 /* iOSDocumentsTests.xctest */,
			);
			name = Products;
			sourceTree = "<group>";
		};
		3310BE2D1828ACB000E61EF8 /* Frameworks */ = {
			isa = PBXGroup;
			children = (
				3310BE2E1828ACB000E61EF8 /* Foundation.framework */,
				3310BE301828ACB000E61EF8 /* CoreGraphics.framework */,
				3310BE321828ACB000E61EF8 /* UIKit.framework */,
				3310BE501828ACB000E61EF8 /* XCTest.framework */,
			);
			name = Frameworks;
			sourceTree = "<group>";
		};
		3310BE341828ACB000E61EF8 /* iOSDocuments */ = {
			isa = PBXGroup;
			children = (
				3310BE3D1828ACB000E61EF8 /* AppDelegate.h */,
				3310BE3E1828ACB000E61EF8 /* AppDelegate.m */,
				3310BE401828ACB000E61EF8 /* Main.storyboard */,
				3310BE661828AF5100E61EF8 /* SampleDocument.h */,
				3310BE671828AF5100E61EF8 /* SampleDocument.m */,
				3310BE431828ACB000E61EF8 /* MasterViewController.h */,
				3310BE441828ACB000E61EF8 /* MasterViewController.m */,
				3310BE461828ACB000E61EF8 /* DetailViewController.h */,
				3310BE471828ACB000E61EF8 /* DetailViewController.m */,
				3310BE491828ACB000E61EF8 /* Images.xcassets */,
				3310BE351828ACB000E61EF8 /* Supporting Files */,
			);
			path = iOSDocuments;
			sourceTree = "<group>";
		};
		3310BE351828ACB000E61EF8 /* Supporting Files */ = {
			isa = PBXGroup;
			children = (
				3310BE361828ACB000E61EF8 /* iOSDocuments-Info.plist */,
				3310BE371828ACB000E61EF8 /* InfoPlist.strings */,
				3310BE3A1828ACB000E61EF8 /* main.m */,
				3310BE3C1828ACB000E61EF8 /* iOSDocuments-Prefix.pch */,
			);
			name = "Supporting Files";
			sourceTree = "<group>";
		};
		3310BE561828ACB000E61EF8 /* iOSDocumentsTests */ = {
			isa = PBXGroup;
			children = (
				3310BE5C1828ACB000E61EF8 /* iOSDocumentsTests.m */,
				3310BE571828ACB000E61EF8 /* Supporting Files */,
			);
			path = iOSDocumentsTests;
			sourceTree = "<group>";
		};
		3310BE571828ACB000E61EF8 /* Supporting Files */ = {
			isa = PBXGroup;
			children = (
				3310BE581828ACB000E61EF8 /* iOSDocumentsTests-Info.plist */,
				3310BE591828ACB000E61EF8 /* InfoPlist.strings */,
			);
			name = "Supporting Files";
			sourceTree = "<group>";
		};
/* End PBXGroup section */

/* Begin PBXNativeTarget section */
		3310BE2A1828ACB000E61EF8 /* iOSDocuments */ = {
			isa = PBXNativeTarget;
			buildConfigurationList = 3310BE601828ACB000E61EF8 /* Build configuration list for PBXNativeTarget "iOSDocuments" */;
			buildPhases = (
				3310BE271828ACB000E61EF8 /* Sources */,
				3310BE281828ACB000E61EF8 /* Frameworks */,
				3310BE291828ACB000E61EF8 /* Resources */,
			);
			buildRules = (
			);
			dependencies = (
			);
			name = iOSDocuments;
			productName = iOSDocuments;
			productReference = 3310BE2B1828ACB000E61EF8 /* iOSDocuments.app */;
			productType = "com.apple.product-type.application";
		};
		3310BE4E1828ACB000E61EF8 /* iOSDocumentsTests */ = {
			isa = PBXNativeTarget;
			buildConfigurationList = 3310BE631828ACB000E61EF8 /* Build configuration list for PBXNativeTarget "iOSDocumentsTests" */;
			buildPhases = (
				3310BE4B1828ACB000E61EF8 /* Sources */,
				3310BE4C1828ACB000E61EF8 /* Frameworks */,
				3310BE4D1828ACB000E61EF8 /* Resources */,
			);
			buildRules = (
			);
			dependencies = (
				3310BE551828ACB000E61EF8 /* PBXTargetDependency */,
			);
			name = iOSDocumentsTests;
			productName = iOSDocumentsTests;
			productReference = 3310BE4F1828ACB000E61EF8 /* iOSDocumentsTests.xctest */;
			productType = "com.apple.product-type.bundle.unit-test";
		};
/* End PBXNativeTarget section */

/* Begin PBXProject section */
		3310BE231828ACB000E61EF8 /* Project object */ = {
			isa = PBXProject;
			attributes = {
				LastUpgradeCheck = 0500;
				ORGANIZATIONNAME = "Tim Nugent";
				TargetAttributes = {
					3310BE4E1828ACB000E61EF8 = {
						TestTargetID = 3310BE2A1828ACB000E61EF8;
					};
				};
			};
			buildConfigurationList = 3310BE261828ACB000E61EF8 /* Build configuration list for PBXProject "iOSDocuments" */;
			compatibilityVersion = "Xcode 3.2";
			developmentRegion = English;
			hasScannedForEncodings = 0;
			knownRegions = (
				en,
				Base,
			);
			mainGroup = 3310BE221828ACB000E61EF8;
			productRefGroup = 3310BE2C1828ACB000E61EF8 /* Products */;
			projectDirPath = "";
			projectRoot = "";
			targets = (
				3310BE2A1828ACB000E61EF8 /* iOSDocuments */,
				3310BE4E1828ACB000E61EF8 /* iOSDocumentsTests */,
			);
		};
/* End PBXProject section */

/* Begin PBXResourcesBuildPhase section */
		3310BE291828ACB000E61EF8 /* Resources */ = {
			isa = PBXResourcesBuildPhase;
			buildActionMask = 2147483647;
			files = (
				3310BE4A1828ACB000E61EF8 /* Images.xcassets in Resources */,
				3310BE391828ACB000E61EF8 /* InfoPlist.strings in Resources */,
				3310BE421828ACB000E61EF8 /* Main.storyboard in Resources */,
			);
			runOnlyForDeploymentPostprocessing = 0;
		};
		3310BE4D1828ACB000E61EF8 /* Resources */ = {
			isa = PBXResourcesBuildPhase;
			buildActionMask = 2147483647;
			files = (
				3310BE5B1828ACB000E61EF8 /* InfoPlist.strings in Resources */,
			);
			runOnlyForDeploymentPostprocessing = 0;
		};
/* End PBXResourcesBuildPhase section */

/* Begin PBXSourcesBuildPhase section */
		3310BE271828ACB000E61EF8 /* Sources */ = {
			isa = PBXSourcesBuildPhase;
			buildActionMask = 2147483647;
			files = (
				3310BE3F1828ACB000E61EF8 /* AppDelegate.m in Sources */,
				3310BE451828ACB000E61EF8 /* MasterViewController.m in Sources */,
				3310BE681828AF5100E61EF8 /* SampleDocument.m in Sources */,
				3310BE3B1828ACB000E61EF8 /* main.m in Sources */,
				3310BE481828ACB000E61EF8 /* DetailViewController.m in Sources */,
			);
			runOnlyForDeploymentPostprocessing = 0;
		};
		3310BE4B1828ACB000E61EF8 /* Sources */ = {
			isa = PBXSourcesBuildPhase;
			buildActionMask = 2147483647;
			files = (
				3310BE5D1828ACB000E61EF8 /* iOSDocumentsTests.m in Sources */,
			);
			runOnlyForDeploymentPostprocessing = 0;
		};
/* End PBXSourcesBuildPhase section */

/* Begin PBXTargetDependency section */
		3310BE551828ACB000E61EF8 /* PBXTargetDependency */ = {
			isa = PBXTargetDependency;
			target = 3310BE2A1828ACB000E61EF8 /* iOSDocuments */;
			targetProxy = 3310BE541828ACB000E61EF8 /* PBXContainerItemProxy */;
		};
/* End PBXTargetDependency section */

/* Begin PBXVariantGroup section */
		3310BE371828ACB000E61EF8 /* InfoPlist.strings */ = {
			isa = PBXVariantGroup;
			children = (
				3310BE381828ACB000E61EF8 /* en */,
			);
			name = InfoPlist.strings;
			sourceTree = "<group>";
		};
		3310BE401828ACB000E61EF8 /* Main.storyboard */ = {
			isa = PBXVariantGroup;
			children = (
				3310BE411828ACB000E61EF8 /* Base */,
			);
			name = Main.storyboard;
			sourceTree = "<group>";
		};
		3310BE591828ACB000E61EF8 /* InfoPlist.strings */ = {
			isa = PBXVariantGroup;
			children = (
				3310BE5A1828ACB000E61EF8 /* en */,
			);
			name = InfoPlist.strings;
			sourceTree = "<group>";
		};
/* End PBXVariantGroup section */

/* Begin XCBuildConfiguration section */
		3310BE5E1828ACB000E61EF8 /* Debug */ = {
			isa = XCBuildConfiguration;
			buildSettings = {
				ALWAYS_SEARCH_USER_PATHS = NO;
				ARCHS = "$(ARCHS_STANDARD_INCLUDING_64_BIT)";
				CLANG_CXX_LANGUAGE_STANDARD = "gnu++0x";
				CLANG_CXX_LIBRARY = "libc++";
				CLANG_ENABLE_MODULES = YES;
				CLANG_ENABLE_OBJC_ARC = YES;
				CLANG_WARN_BOOL_CONVERSION = YES;
				CLANG_WARN_CONSTANT_CONVERSION = YES;
				CLANG_WARN_DIRECT_OBJC_ISA_USAGE = YES_ERROR;
				CLANG_WARN_EMPTY_BODY = YES;
				CLANG_WARN_ENUM_CONVERSION = YES;
				CLANG_WARN_INT_CONVERSION = YES;
				CLANG_WARN_OBJC_ROOT_CLASS = YES_ERROR;
				CLANG_WARN__DUPLICATE_METHOD_MATCH = YES;
				"CODE_SIGN_IDENTITY[sdk=iphoneos*]" = "iPhone Developer";
				COPY_PHASE_STRIP = NO;
				GCC_C_LANGUAGE_STANDARD = gnu99;
				GCC_DYNAMIC_NO_PIC = NO;
				GCC_OPTIMIZATION_LEVEL = 0;
				GCC_PREPROCESSOR_DEFINITIONS = (
					"DEBUG=1",
					"$(inherited)",
				);
				GCC_SYMBOLS_PRIVATE_EXTERN = NO;
				GCC_WARN_64_TO_32_BIT_CONVERSION = YES;
				GCC_WARN_ABOUT_RETURN_TYPE = YES_ERROR;
				GCC_WARN_UNDECLARED_SELECTOR = YES;
				GCC_WARN_UNINITIALIZED_AUTOS = YES;
				GCC_WARN_UNUSED_FUNCTION = YES;
				GCC_WARN_UNUSED_VARIABLE = YES;
				IPHONEOS_DEPLOYMENT_TARGET = 7.0;
				ONLY_ACTIVE_ARCH = YES;
				SDKROOT = iphoneos;
			};
			name = Debug;
		};
		3310BE5F1828ACB000E61EF8 /* Release */ = {
			isa = XCBuildConfiguration;
			buildSettings = {
				ALWAYS_SEARCH_USER_PATHS = NO;
				ARCHS = "$(ARCHS_STANDARD_INCLUDING_64_BIT)";
				CLANG_CXX_LANGUAGE_STANDARD = "gnu++0x";
				CLANG_CXX_LIBRARY = "libc++";
				CLANG_ENABLE_MODULES = YES;
				CLANG_ENABLE_OBJC_ARC = YES;
				CLANG_WARN_BOOL_CONVERSION = YES;
				CLANG_WARN_CONSTANT_CONVERSION = YES;
				CLANG_WARN_DIRECT_OBJC_ISA_USAGE = YES_ERROR;
				CLANG_WARN_EMPTY_BODY = YES;
				CLANG_WARN_ENUM_CONVERSION = YES;
				CLANG_WARN_INT_CONVERSION = YES;
				CLANG_WARN_OBJC_ROOT_CLASS = YES_ERROR;
				CLANG_WARN__DUPLICATE_METHOD_MATCH = YES;
				"CODE_SIGN_IDENTITY[sdk=iphoneos*]" = "iPhone Developer";
				COPY_PHASE_STRIP = YES;
				ENABLE_NS_ASSERTIONS = NO;
				GCC_C_LANGUAGE_STANDARD = gnu99;
				GCC_WARN_64_TO_32_BIT_CONVERSION = YES;
				GCC_WARN_ABOUT_RETURN_TYPE = YES_ERROR;
				GCC_WARN_UNDECLARED_SELECTOR = YES;
				GCC_WARN_UNINITIALIZED_AUTOS = YES;
				GCC_WARN_UNUSED_FUNCTION = YES;
				GCC_WARN_UNUSED_VARIABLE = YES;
				IPHONEOS_DEPLOYMENT_TARGET = 7.0;
				SDKROOT = iphoneos;
				VALIDATE_PRODUCT = YES;
			};
			name = Release;
		};
		3310BE611828ACB000E61EF8 /* Debug */ = {
			isa = XCBuildConfiguration;
			buildSettings = {
				ASSETCATALOG_COMPILER_APPICON_NAME = AppIcon;
				ASSETCATALOG_COMPILER_LAUNCHIMAGE_NAME = LaunchImage;
				GCC_PRECOMPILE_PREFIX_HEADER = YES;
				GCC_PREFIX_HEADER = "iOSDocuments/iOSDocuments-Prefix.pch";
				INFOPLIST_FILE = "iOSDocuments/iOSDocuments-Info.plist";
				PRODUCT_NAME = "$(TARGET_NAME)";
				WRAPPER_EXTENSION = app;
			};
			name = Debug;
		};
		3310BE621828ACB000E61EF8 /* Release */ = {
			isa = XCBuildConfiguration;
			buildSettings = {
				ASSETCATALOG_COMPILER_APPICON_NAME = AppIcon;
				ASSETCATALOG_COMPILER_LAUNCHIMAGE_NAME = LaunchImage;
				GCC_PRECOMPILE_PREFIX_HEADER = YES;
				GCC_PREFIX_HEADER = "iOSDocuments/iOSDocuments-Prefix.pch";
				INFOPLIST_FILE = "iOSDocuments/iOSDocuments-Info.plist";
				PRODUCT_NAME = "$(TARGET_NAME)";
				WRAPPER_EXTENSION = app;
			};
			name = Release;
		};
		3310BE641828ACB000E61EF8 /* Debug */ = {
			isa = XCBuildConfiguration;
			buildSettings = {
				ARCHS = "$(ARCHS_STANDARD_INCLUDING_64_BIT)";
				BUNDLE_LOADER = "$(BUILT_PRODUCTS_DIR)/iOSDocuments.app/iOSDocuments";
				FRAMEWORK_SEARCH_PATHS = (
					"$(SDKROOT)/Developer/Library/Frameworks",
					"$(inherited)",
					"$(DEVELOPER_FRAMEWORKS_DIR)",
				);
				GCC_PRECOMPILE_PREFIX_HEADER = YES;
				GCC_PREFIX_HEADER = "iOSDocuments/iOSDocuments-Prefix.pch";
				GCC_PREPROCESSOR_DEFINITIONS = (
					"DEBUG=1",
					"$(inherited)",
				);
				INFOPLIST_FILE = "iOSDocumentsTests/iOSDocumentsTests-Info.plist";
				PRODUCT_NAME = "$(TARGET_NAME)";
				TEST_HOST = "$(BUNDLE_LOADER)";
				WRAPPER_EXTENSION = xctest;
			};
			name = Debug;
		};
		3310BE651828ACB000E61EF8 /* Release */ = {
			isa = XCBuildConfiguration;
			buildSettings = {
				ARCHS = "$(ARCHS_STANDARD_INCLUDING_64_BIT)";
				BUNDLE_LOADER = "$(BUILT_PRODUCTS_DIR)/iOSDocuments.app/iOSDocuments";
				FRAMEWORK_SEARCH_PATHS = (
					"$(SDKROOT)/Developer/Library/Frameworks",
					"$(inherited)",
					"$(DEVELOPER_FRAMEWORKS_DIR)",
				);
				GCC_PRECOMPILE_PREFIX_HEADER = YES;
				GCC_PREFIX_HEADER = "iOSDocuments/iOSDocuments-Prefix.pch";
				INFOPLIST_FILE = "iOSDocumentsTests/iOSDocumentsTests-Info.plist";
				PRODUCT_NAME = "$(TARGET_NAME)";
				TEST_HOST = "$(BUNDLE_LOADER)";
				WRAPPER_EXTENSION = xctest;
			};
			name = Release;
		};
/* End XCBuildConfiguration section */

/* Begin XCConfigurationList section */
		3310BE261828ACB000E61EF8 /* Build configuration list for PBXProject "iOSDocuments" */ = {
			isa = XCConfigurationList;
			buildConfigurations = (
				3310BE5E1828ACB000E61EF8 /* Debug */,
				3310BE5F1828ACB000E61EF8 /* Release */,
			);
			defaultConfigurationIsVisible = 0;
			defaultConfigurationName = Release;
		};
		3310BE601828ACB000E61EF8 /* Build configuration list for PBXNativeTarget "iOSDocuments" */ = {
			isa = XCConfigurationList;
			buildConfigurations = (
				3310BE611828ACB000E61EF8 /* Debug */,
				3310BE621828ACB000E61EF8 /* Release */,
			);
			defaultConfigurationIsVisible = 0;
		};
		3310BE631828ACB000E61EF8 /* Build configuration list for PBXNativeTarget "iOSDocumentsTests" */ = {
			isa = XCConfigurationList;
			buildConfigurations = (
				3310BE641828ACB000E61EF8 /* Debug */,
				3310BE651828ACB000E61EF8 /* Release */,
			);
			defaultConfigurationIsVisible = 0;
		};
/* End XCConfigurationList section */
	};
	rootObject = 3310BE231828ACB000E61EF8 /* Project object */;
}
