// !$*UTF8*$!
{
	archiveVersion = 1;
	classes = {
	};
	objectVersion = 46;
	objects = {

/* Begin PBXBuildFile section */
		68C4C20F15B7989C00D6B1E6 /* Cocoa.framework in Frameworks */ = {isa = PBXBuildFile; fileRef = 68C4C20E15B7989C00D6B1E6 /* Cocoa.framework */; };
		68C4C21915B7989C00D6B1E6 /* InfoPlist.strings in Resources */ = {isa = PBXBuildFile; fileRef = 68C4C21715B7989C00D6B1E6 /* InfoPlist.strings */; };
		68C4C21B15B7989C00D6B1E6 /* main.m in Sources */ = {isa = PBXBuildFile; fileRef = 68C4C21A15B7989C00D6B1E6 /* main.m */; };
		68C4C21F15B7989C00D6B1E6 /* Credits.rtf in Resources */ = {isa = PBXBuildFile; fileRef = 68C4C21D15B7989C00D6B1E6 /* Credits.rtf */; };
		68C4C22215B7989C00D6B1E6 /* AppDelegate.m in Sources */ = {isa = PBXBuildFile; fileRef = 68C4C22115B7989C00D6B1E6 /* AppDelegate.m */; };
		68C4C22515B7989C00D6B1E6 /* MainMenu.xib in Resources */ = {isa = PBXBuildFile; fileRef = 68C4C22315B7989C00D6B1E6 /* MainMenu.xib */; };
/* End PBXBuildFile section */

/* Begin PBXFileReference section */
		688A21D815B8AA300084395C /* Sandboxing.entitlements */ = {isa = PBXFileReference; lastKnownFileType = text.xml; path = Sandboxing.entitlements; sourceTree = "<group>"; };
		68C4C20A15B7989C00D6B1E6 /* Sandboxing.app */ = {isa = PBXFileReference; explicitFileType = wrapper.application; includeInIndex = 0; path = Sandboxing.app; sourceTree = BUILT_PRODUCTS_DIR; };
		68C4C20E15B7989C00D6B1E6 /* Cocoa.framework */ = {isa = PBXFileReference; lastKnownFileType = wrapper.framework; name = Cocoa.framework; path = System/Library/Frameworks/Cocoa.framework; sourceTree = SDKROOT; };
		68C4C21115B7989C00D6B1E6 /* AppKit.framework */ = {isa = PBXFileReference; lastKnownFileType = wrapper.framework; name = AppKit.framework; path = System/Library/Frameworks/AppKit.framework; sourceTree = SDKROOT; };
		68C4C21215B7989C00D6B1E6 /* CoreData.framework */ = {isa = PBXFileReference; lastKnownFileType = wrapper.framework; name = CoreData.framework; path = System/Library/Frameworks/CoreData.framework; sourceTree = SDKROOT; };
		68C4C21315B7989C00D6B1E6 /* Foundation.framework */ = {isa = PBXFileReference; lastKnownFileType = wrapper.framework; name = Foundation.framework; path = System/Library/Frameworks/Foundation.framework; sourceTree = SDKROOT; };
		68C4C21615B7989C00D6B1E6 /* Sandboxing-Info.plist */ = {isa = PBXFileReference; lastKnownFileType = text.plist.xml; path = "Sandboxing-Info.plist"; sourceTree = "<group>"; };
		68C4C21815B7989C00D6B1E6 /* en */ = {isa = PBXFileReference; lastKnownFileType = text.plist.strings; name = en; path = en.lproj/InfoPlist.strings; sourceTree = "<group>"; };
		68C4C21A15B7989C00D6B1E6 /* main.m */ = {isa = PBXFileReference; lastKnownFileType = sourcecode.c.objc; path = main.m; sourceTree = "<group>"; };
		68C4C21C15B7989C00D6B1E6 /* Sandboxing-Prefix.pch */ = {isa = PBXFileReference; lastKnownFileType = sourcecode.c.h; path = "Sandboxing-Prefix.pch"; sourceTree = "<group>"; };
		68C4C21E15B7989C00D6B1E6 /* en */ = {isa = PBXFileReference; lastKnownFileType = text.rtf; name = en; path = en.lproj/Credits.rtf; sourceTree = "<group>"; };
		68C4C22015B7989C00D6B1E6 /* AppDelegate.h */ = {isa = PBXFileReference; lastKnownFileType = sourcecode.c.h; path = AppDelegate.h; sourceTree = "<group>"; };
		68C4C22115B7989C00D6B1E6 /* AppDelegate.m */ = {isa = PBXFileReference; lastKnownFileType = sourcecode.c.objc; path = AppDelegate.m; sourceTree = "<group>"; };
		68C4C22415B7989C00D6B1E6 /* en */ = {isa = PBXFileReference; lastKnownFileType = file.xib; name = en; path = en.lproj/MainMenu.xib; sourceTree = "<group>"; };
/* End PBXFileReference section */

/* Begin PBXFrameworksBuildPhase section */
		68C4C20715B7989C00D6B1E6 /* Frameworks */ = {
			isa = PBXFrameworksBuildPhase;
			buildActionMask = 2147483647;
			files = (
				68C4C20F15B7989C00D6B1E6 /* Cocoa.framework in Frameworks */,
			);
			runOnlyForDeploymentPostprocessing = 0;
		};
/* End PBXFrameworksBuildPhase section */

/* Begin PBXGroup section */
		68C4C1FF15B7989C00D6B1E6 = {
			isa = PBXGroup;
			children = (
				68C4C21415B7989C00D6B1E6 /* Sandboxing */,
				68C4C20D15B7989C00D6B1E6 /* Frameworks */,
				68C4C20B15B7989C00D6B1E6 /* Products */,
			);
			sourceTree = "<group>";
		};
		68C4C20B15B7989C00D6B1E6 /* Products */ = {
			isa = PBXGroup;
			children = (
				68C4C20A15B7989C00D6B1E6 /* Sandboxing.app */,
			);
			name = Products;
			sourceTree = "<group>";
		};
		68C4C20D15B7989C00D6B1E6 /* Frameworks */ = {
			isa = PBXGroup;
			children = (
				68C4C20E15B7989C00D6B1E6 /* Cocoa.framework */,
				68C4C21015B7989C00D6B1E6 /* Other Frameworks */,
			);
			name = Frameworks;
			sourceTree = "<group>";
		};
		68C4C21015B7989C00D6B1E6 /* Other Frameworks */ = {
			isa = PBXGroup;
			children = (
				68C4C21115B7989C00D6B1E6 /* AppKit.framework */,
				68C4C21215B7989C00D6B1E6 /* CoreData.framework */,
				68C4C21315B7989C00D6B1E6 /* Foundation.framework */,
			);
			name = "Other Frameworks";
			sourceTree = "<group>";
		};
		68C4C21415B7989C00D6B1E6 /* Sandboxing */ = {
			isa = PBXGroup;
			children = (
				688A21D815B8AA300084395C /* Sandboxing.entitlements */,
				68C4C22015B7989C00D6B1E6 /* AppDelegate.h */,
				68C4C22115B7989C00D6B1E6 /* AppDelegate.m */,
				68C4C22315B7989C00D6B1E6 /* MainMenu.xib */,
				68C4C21515B7989C00D6B1E6 /* Supporting Files */,
			);
			path = Sandboxing;
			sourceTree = "<group>";
		};
		68C4C21515B7989C00D6B1E6 /* Supporting Files */ = {
			isa = PBXGroup;
			children = (
				68C4C21615B7989C00D6B1E6 /* Sandboxing-Info.plist */,
				68C4C21715B7989C00D6B1E6 /* InfoPlist.strings */,
				68C4C21A15B7989C00D6B1E6 /* main.m */,
				68C4C21C15B7989C00D6B1E6 /* Sandboxing-Prefix.pch */,
				68C4C21D15B7989C00D6B1E6 /* Credits.rtf */,
			);
			name = "Supporting Files";
			sourceTree = "<group>";
		};
/* End PBXGroup section */

/* Begin PBXNativeTarget section */
		68C4C20915B7989C00D6B1E6 /* Sandboxing */ = {
			isa = PBXNativeTarget;
			buildConfigurationList = 68C4C22815B7989C00D6B1E6 /* Build configuration list for PBXNativeTarget "Sandboxing" */;
			buildPhases = (
				68C4C20615B7989C00D6B1E6 /* Sources */,
				68C4C20715B7989C00D6B1E6 /* Frameworks */,
				68C4C20815B7989C00D6B1E6 /* Resources */,
			);
			buildRules = (
			);
			dependencies = (
			);
			name = Sandboxing;
			productName = Sandboxing;
			productReference = 68C4C20A15B7989C00D6B1E6 /* Sandboxing.app */;
			productType = "com.apple.product-type.application";
		};
/* End PBXNativeTarget section */

/* Begin PBXProject section */
		68C4C20115B7989C00D6B1E6 /* Project object */ = {
			isa = PBXProject;
			attributes = {
				LastUpgradeCheck = 0440;
				ORGANIZATIONNAME = "Secret Lab";
			};
			buildConfigurationList = 68C4C20415B7989C00D6B1E6 /* Build configuration list for PBXProject "Sandboxing" */;
			compatibilityVersion = "Xcode 3.2";
			developmentRegion = English;
			hasScannedForEncodings = 0;
			knownRegions = (
				en,
			);
			mainGroup = 68C4C1FF15B7989C00D6B1E6;
			productRefGroup = 68C4C20B15B7989C00D6B1E6 /* Products */;
			projectDirPath = "";
			projectRoot = "";
			targets = (
				68C4C20915B7989C00D6B1E6 /* Sandboxing */,
			);
		};
/* End PBXProject section */

/* Begin PBXResourcesBuildPhase section */
		68C4C20815B7989C00D6B1E6 /* Resources */ = {
			isa = PBXResourcesBuildPhase;
			buildActionMask = 2147483647;
			files = (
				68C4C21915B7989C00D6B1E6 /* InfoPlist.strings in Resources */,
				68C4C21F15B7989C00D6B1E6 /* Credits.rtf in Resources */,
				68C4C22515B7989C00D6B1E6 /* MainMenu.xib in Resources */,
			);
			runOnlyForDeploymentPostprocessing = 0;
		};
/* End PBXResourcesBuildPhase section */

/* Begin PBXSourcesBuildPhase section */
		68C4C20615B7989C00D6B1E6 /* Sources */ = {
			isa = PBXSourcesBuildPhase;
			buildActionMask = 2147483647;
			files = (
				68C4C21B15B7989C00D6B1E6 /* main.m in Sources */,
				68C4C22215B7989C00D6B1E6 /* AppDelegate.m in Sources */,
			);
			runOnlyForDeploymentPostprocessing = 0;
		};
/* End PBXSourcesBuildPhase section */

/* Begin PBXVariantGroup section */
		68C4C21715B7989C00D6B1E6 /* InfoPlist.strings */ = {
			isa = PBXVariantGroup;
			children = (
				68C4C21815B7989C00D6B1E6 /* en */,
			);
			name = InfoPlist.strings;
			sourceTree = "<group>";
		};
		68C4C21D15B7989C00D6B1E6 /* Credits.rtf */ = {
			isa = PBXVariantGroup;
			children = (
				68C4C21E15B7989C00D6B1E6 /* en */,
			);
			name = Credits.rtf;
			sourceTree = "<group>";
		};
		68C4C22315B7989C00D6B1E6 /* MainMenu.xib */ = {
			isa = PBXVariantGroup;
			children = (
				68C4C22415B7989C00D6B1E6 /* en */,
			);
			name = MainMenu.xib;
			sourceTree = "<group>";
		};
/* End PBXVariantGroup section */

/* Begin XCBuildConfiguration section */
		68C4C22615B7989C00D6B1E6 /* Debug */ = {
			isa = XCBuildConfiguration;
			buildSettings = {
				ALWAYS_SEARCH_USER_PATHS = NO;
				ARCHS = "$(ARCHS_STANDARD_64_BIT)";
				CLANG_CXX_LANGUAGE_STANDARD = "gnu++0x";
				CLANG_ENABLE_OBJC_ARC = YES;
				CLANG_WARN__DUPLICATE_METHOD_MATCH = YES;
				COPY_PHASE_STRIP = NO;
				GCC_C_LANGUAGE_STANDARD = gnu99;
				GCC_DYNAMIC_NO_PIC = NO;
				GCC_ENABLE_OBJC_EXCEPTIONS = YES;
				GCC_OPTIMIZATION_LEVEL = 0;
				GCC_PREPROCESSOR_DEFINITIONS = (
					"DEBUG=1",
					"$(inherited)",
				);
				GCC_SYMBOLS_PRIVATE_EXTERN = NO;
				GCC_WARN_64_TO_32_BIT_CONVERSION = YES;
				GCC_WARN_ABOUT_RETURN_TYPE = YES;
				GCC_WARN_UNINITIALIZED_AUTOS = YES;
				GCC_WARN_UNUSED_VARIABLE = YES;
				MACOSX_DEPLOYMENT_TARGET = 10.8;
				ONLY_ACTIVE_ARCH = YES;
				SDKROOT = macosx;
			};
			name = Debug;
		};
		68C4C22715B7989C00D6B1E6 /* Release */ = {
			isa = XCBuildConfiguration;
			buildSettings = {
				ALWAYS_SEARCH_USER_PATHS = NO;
				ARCHS = "$(ARCHS_STANDARD_64_BIT)";
				CLANG_CXX_LANGUAGE_STANDARD = "gnu++0x";
				CLANG_ENABLE_OBJC_ARC = YES;
				CLANG_WARN__DUPLICATE_METHOD_MATCH = YES;
				COPY_PHASE_STRIP = YES;
				DEBUG_INFORMATION_FORMAT = "dwarf-with-dsym";
				GCC_C_LANGUAGE_STANDARD = gnu99;
				GCC_ENABLE_OBJC_EXCEPTIONS = YES;
				GCC_WARN_64_TO_32_BIT_CONVERSION = YES;
				GCC_WARN_ABOUT_RETURN_TYPE = YES;
				GCC_WARN_UNINITIALIZED_AUTOS = YES;
				GCC_WARN_UNUSED_VARIABLE = YES;
				MACOSX_DEPLOYMENT_TARGET = 10.8;
				SDKROOT = macosx;
			};
			name = Release;
		};
		68C4C22915B7989C00D6B1E6 /* Debug */ = {
			isa = XCBuildConfiguration;
			buildSettings = {
				CODE_SIGN_ENTITLEMENTS = Sandboxing/Sandboxing.entitlements;
				CODE_SIGN_IDENTITY = "Mac Developer";
				COMBINE_HIDPI_IMAGES = YES;
				GCC_PRECOMPILE_PREFIX_HEADER = YES;
				GCC_PREFIX_HEADER = "Sandboxing/Sandboxing-Prefix.pch";
				INFOPLIST_FILE = "Sandboxing/Sandboxing-Info.plist";
				PRODUCT_NAME = "$(TARGET_NAME)";
				WRAPPER_EXTENSION = app;
			};
			name = Debug;
		};
		68C4C22A15B7989C00D6B1E6 /* Release */ = {
			isa = XCBuildConfiguration;
			buildSettings = {
				CODE_SIGN_ENTITLEMENTS = Sandboxing/Sandboxing.entitlements;
				CODE_SIGN_IDENTITY = "Mac Developer";
				COMBINE_HIDPI_IMAGES = YES;
				GCC_PRECOMPILE_PREFIX_HEADER = YES;
				GCC_PREFIX_HEADER = "Sandboxing/Sandboxing-Prefix.pch";
				INFOPLIST_FILE = "Sandboxing/Sandboxing-Info.plist";
				PRODUCT_NAME = "$(TARGET_NAME)";
				WRAPPER_EXTENSION = app;
			};
			name = Release;
		};
/* End XCBuildConfiguration section */

/* Begin XCConfigurationList section */
		68C4C20415B7989C00D6B1E6 /* Build configuration list for PBXProject "Sandboxing" */ = {
			isa = XCConfigurationList;
			buildConfigurations = (
				68C4C22615B7989C00D6B1E6 /* Debug */,
				68C4C22715B7989C00D6B1E6 /* Release */,
			);
			defaultConfigurationIsVisible = 0;
			defaultConfigurationName = Release;
		};
		68C4C22815B7989C00D6B1E6 /* Build configuration list for PBXNativeTarget "Sandboxing" */ = {
			isa = XCConfigurationList;
			buildConfigurations = (
				68C4C22915B7989C00D6B1E6 /* Debug */,
				68C4C22A15B7989C00D6B1E6 /* Release */,
			);
			defaultConfigurationIsVisible = 0;
			defaultConfigurationName = Release;
		};
/* End XCConfigurationList section */
	};
	rootObject = 68C4C20115B7989C00D6B1E6 /* Project object */;
}
