// !$*UTF8*$!
{
	archiveVersion = 1;
	classes = {
	};
	objectVersion = 46;
	objects = {

/* Begin PBXBuildFile section */
		6829ED641534145D00AD2333 /* Cocoa.framework in Frameworks */ = {isa = PBXBuildFile; fileRef = 6829ED631534145D00AD2333 /* Cocoa.framework */; };
		6829ED6E1534145D00AD2333 /* InfoPlist.strings in Resources */ = {isa = PBXBuildFile; fileRef = 6829ED6C1534145D00AD2333 /* InfoPlist.strings */; };
		6829ED701534145D00AD2333 /* main.m in Sources */ = {isa = PBXBuildFile; fileRef = 6829ED6F1534145D00AD2333 /* main.m */; };
		6829ED741534145D00AD2333 /* Credits.rtf in Resources */ = {isa = PBXBuildFile; fileRef = 6829ED721534145D00AD2333 /* Credits.rtf */; };
		6829ED771534145D00AD2333 /* AppDelegate.m in Sources */ = {isa = PBXBuildFile; fileRef = 6829ED761534145D00AD2333 /* AppDelegate.m */; };
		6829ED7A1534145D00AD2333 /* MainMenu.xib in Resources */ = {isa = PBXBuildFile; fileRef = 6829ED781534145D00AD2333 /* MainMenu.xib */; };
/* End PBXBuildFile section */

/* Begin PBXFileReference section */
		6829ED5F1534145D00AD2333 /* DataDetectors.app */ = {isa = PBXFileReference; explicitFileType = wrapper.application; includeInIndex = 0; path = DataDetectors.app; sourceTree = BUILT_PRODUCTS_DIR; };
		6829ED631534145D00AD2333 /* Cocoa.framework */ = {isa = PBXFileReference; lastKnownFileType = wrapper.framework; name = Cocoa.framework; path = System/Library/Frameworks/Cocoa.framework; sourceTree = SDKROOT; };
		6829ED661534145D00AD2333 /* AppKit.framework */ = {isa = PBXFileReference; lastKnownFileType = wrapper.framework; name = AppKit.framework; path = System/Library/Frameworks/AppKit.framework; sourceTree = SDKROOT; };
		6829ED671534145D00AD2333 /* CoreData.framework */ = {isa = PBXFileReference; lastKnownFileType = wrapper.framework; name = CoreData.framework; path = System/Library/Frameworks/CoreData.framework; sourceTree = SDKROOT; };
		6829ED681534145D00AD2333 /* Foundation.framework */ = {isa = PBXFileReference; lastKnownFileType = wrapper.framework; name = Foundation.framework; path = System/Library/Frameworks/Foundation.framework; sourceTree = SDKROOT; };
		6829ED6B1534145D00AD2333 /* DataDetectors-Info.plist */ = {isa = PBXFileReference; lastKnownFileType = text.plist.xml; path = "DataDetectors-Info.plist"; sourceTree = "<group>"; };
		6829ED6D1534145D00AD2333 /* en */ = {isa = PBXFileReference; lastKnownFileType = text.plist.strings; name = en; path = en.lproj/InfoPlist.strings; sourceTree = "<group>"; };
		6829ED6F1534145D00AD2333 /* main.m */ = {isa = PBXFileReference; lastKnownFileType = sourcecode.c.objc; lineEnding = 0; path = main.m; sourceTree = "<group>"; xcLanguageSpecificationIdentifier = xcode.lang.objc; };
		6829ED711534145D00AD2333 /* DataDetectors-Prefix.pch */ = {isa = PBXFileReference; lastKnownFileType = sourcecode.c.h; path = "DataDetectors-Prefix.pch"; sourceTree = "<group>"; };
		6829ED731534145D00AD2333 /* en */ = {isa = PBXFileReference; lastKnownFileType = text.rtf; name = en; path = en.lproj/Credits.rtf; sourceTree = "<group>"; };
		6829ED751534145D00AD2333 /* AppDelegate.h */ = {isa = PBXFileReference; lastKnownFileType = sourcecode.c.h; lineEnding = 0; path = AppDelegate.h; sourceTree = "<group>"; xcLanguageSpecificationIdentifier = xcode.lang.objcpp; };
		6829ED761534145D00AD2333 /* AppDelegate.m */ = {isa = PBXFileReference; lastKnownFileType = sourcecode.c.objc; lineEnding = 0; path = AppDelegate.m; sourceTree = "<group>"; xcLanguageSpecificationIdentifier = xcode.lang.objc; };
		6829ED791534145D00AD2333 /* en */ = {isa = PBXFileReference; lastKnownFileType = file.xib; name = en; path = en.lproj/MainMenu.xib; sourceTree = "<group>"; };
/* End PBXFileReference section */

/* Begin PBXFrameworksBuildPhase section */
		6829ED5C1534145D00AD2333 /* Frameworks */ = {
			isa = PBXFrameworksBuildPhase;
			buildActionMask = 2147483647;
			files = (
				6829ED641534145D00AD2333 /* Cocoa.framework in Frameworks */,
			);
			runOnlyForDeploymentPostprocessing = 0;
		};
/* End PBXFrameworksBuildPhase section */

/* Begin PBXGroup section */
		6829ED541534145D00AD2333 = {
			isa = PBXGroup;
			children = (
				6829ED691534145D00AD2333 /* DataDetectors */,
				6829ED621534145D00AD2333 /* Frameworks */,
				6829ED601534145D00AD2333 /* Products */,
			);
			sourceTree = "<group>";
		};
		6829ED601534145D00AD2333 /* Products */ = {
			isa = PBXGroup;
			children = (
				6829ED5F1534145D00AD2333 /* DataDetectors.app */,
			);
			name = Products;
			sourceTree = "<group>";
		};
		6829ED621534145D00AD2333 /* Frameworks */ = {
			isa = PBXGroup;
			children = (
				6829ED631534145D00AD2333 /* Cocoa.framework */,
				6829ED651534145D00AD2333 /* Other Frameworks */,
			);
			name = Frameworks;
			sourceTree = "<group>";
		};
		6829ED651534145D00AD2333 /* Other Frameworks */ = {
			isa = PBXGroup;
			children = (
				6829ED661534145D00AD2333 /* AppKit.framework */,
				6829ED671534145D00AD2333 /* CoreData.framework */,
				6829ED681534145D00AD2333 /* Foundation.framework */,
			);
			name = "Other Frameworks";
			sourceTree = "<group>";
		};
		6829ED691534145D00AD2333 /* DataDetectors */ = {
			isa = PBXGroup;
			children = (
				6829ED751534145D00AD2333 /* AppDelegate.h */,
				6829ED761534145D00AD2333 /* AppDelegate.m */,
				6829ED781534145D00AD2333 /* MainMenu.xib */,
				6829ED6A1534145D00AD2333 /* Supporting Files */,
			);
			path = DataDetectors;
			sourceTree = "<group>";
		};
		6829ED6A1534145D00AD2333 /* Supporting Files */ = {
			isa = PBXGroup;
			children = (
				6829ED6B1534145D00AD2333 /* DataDetectors-Info.plist */,
				6829ED6C1534145D00AD2333 /* InfoPlist.strings */,
				6829ED6F1534145D00AD2333 /* main.m */,
				6829ED711534145D00AD2333 /* DataDetectors-Prefix.pch */,
				6829ED721534145D00AD2333 /* Credits.rtf */,
			);
			name = "Supporting Files";
			sourceTree = "<group>";
		};
/* End PBXGroup section */

/* Begin PBXNativeTarget section */
		6829ED5E1534145D00AD2333 /* DataDetectors */ = {
			isa = PBXNativeTarget;
			buildConfigurationList = 6829ED7D1534145D00AD2333 /* Build configuration list for PBXNativeTarget "DataDetectors" */;
			buildPhases = (
				6829ED5B1534145D00AD2333 /* Sources */,
				6829ED5C1534145D00AD2333 /* Frameworks */,
				6829ED5D1534145D00AD2333 /* Resources */,
			);
			buildRules = (
			);
			dependencies = (
			);
			name = DataDetectors;
			productName = DataDetectors;
			productReference = 6829ED5F1534145D00AD2333 /* DataDetectors.app */;
			productType = "com.apple.product-type.application";
		};
/* End PBXNativeTarget section */

/* Begin PBXProject section */
		6829ED561534145D00AD2333 /* Project object */ = {
			isa = PBXProject;
			attributes = {
				LastUpgradeCheck = 0430;
				ORGANIZATIONNAME = "Secret Lab";
			};
			buildConfigurationList = 6829ED591534145D00AD2333 /* Build configuration list for PBXProject "DataDetectors" */;
			compatibilityVersion = "Xcode 3.2";
			developmentRegion = English;
			hasScannedForEncodings = 0;
			knownRegions = (
				en,
			);
			mainGroup = 6829ED541534145D00AD2333;
			productRefGroup = 6829ED601534145D00AD2333 /* Products */;
			projectDirPath = "";
			projectRoot = "";
			targets = (
				6829ED5E1534145D00AD2333 /* DataDetectors */,
			);
		};
/* End PBXProject section */

/* Begin PBXResourcesBuildPhase section */
		6829ED5D1534145D00AD2333 /* Resources */ = {
			isa = PBXResourcesBuildPhase;
			buildActionMask = 2147483647;
			files = (
				6829ED6E1534145D00AD2333 /* InfoPlist.strings in Resources */,
				6829ED741534145D00AD2333 /* Credits.rtf in Resources */,
				6829ED7A1534145D00AD2333 /* MainMenu.xib in Resources */,
			);
			runOnlyForDeploymentPostprocessing = 0;
		};
/* End PBXResourcesBuildPhase section */

/* Begin PBXSourcesBuildPhase section */
		6829ED5B1534145D00AD2333 /* Sources */ = {
			isa = PBXSourcesBuildPhase;
			buildActionMask = 2147483647;
			files = (
				6829ED701534145D00AD2333 /* main.m in Sources */,
				6829ED771534145D00AD2333 /* AppDelegate.m in Sources */,
			);
			runOnlyForDeploymentPostprocessing = 0;
		};
/* End PBXSourcesBuildPhase section */

/* Begin PBXVariantGroup section */
		6829ED6C1534145D00AD2333 /* InfoPlist.strings */ = {
			isa = PBXVariantGroup;
			children = (
				6829ED6D1534145D00AD2333 /* en */,
			);
			name = InfoPlist.strings;
			sourceTree = "<group>";
		};
		6829ED721534145D00AD2333 /* Credits.rtf */ = {
			isa = PBXVariantGroup;
			children = (
				6829ED731534145D00AD2333 /* en */,
			);
			name = Credits.rtf;
			sourceTree = "<group>";
		};
		6829ED781534145D00AD2333 /* MainMenu.xib */ = {
			isa = PBXVariantGroup;
			children = (
				6829ED791534145D00AD2333 /* en */,
			);
			name = MainMenu.xib;
			sourceTree = "<group>";
		};
/* End PBXVariantGroup section */

/* Begin XCBuildConfiguration section */
		6829ED7B1534145D00AD2333 /* Debug */ = {
			isa = XCBuildConfiguration;
			buildSettings = {
				ALWAYS_SEARCH_USER_PATHS = NO;
				ARCHS = "$(ARCHS_STANDARD_64_BIT)";
				CLANG_ENABLE_OBJC_ARC = YES;
				COPY_PHASE_STRIP = NO;
				GCC_C_LANGUAGE_STANDARD = gnu99;
				GCC_DYNAMIC_NO_PIC = NO;
				GCC_ENABLE_OBJC_EXCEPTIONS = YES;
				GCC_OPTIMIZATION_LEVEL = 0;
				GCC_PREPROCESSOR_DEFINITIONS = (
					"DEBUG=1",
					"$(inherited)",
				);
				GCC_SYMBOLS_PRIVATE_EXTERN = NO;
				GCC_VERSION = com.apple.compilers.llvm.clang.1_0;
				GCC_WARN_64_TO_32_BIT_CONVERSION = YES;
				GCC_WARN_ABOUT_RETURN_TYPE = YES;
				GCC_WARN_UNINITIALIZED_AUTOS = YES;
				GCC_WARN_UNUSED_VARIABLE = YES;
				MACOSX_DEPLOYMENT_TARGET = 10.7;
				ONLY_ACTIVE_ARCH = YES;
				SDKROOT = macosx;
			};
			name = Debug;
		};
		6829ED7C1534145D00AD2333 /* Release */ = {
			isa = XCBuildConfiguration;
			buildSettings = {
				ALWAYS_SEARCH_USER_PATHS = NO;
				ARCHS = "$(ARCHS_STANDARD_64_BIT)";
				CLANG_ENABLE_OBJC_ARC = YES;
				COPY_PHASE_STRIP = YES;
				DEBUG_INFORMATION_FORMAT = "dwarf-with-dsym";
				GCC_C_LANGUAGE_STANDARD = gnu99;
				GCC_ENABLE_OBJC_EXCEPTIONS = YES;
				GCC_VERSION = com.apple.compilers.llvm.clang.1_0;
				GCC_WARN_64_TO_32_BIT_CONVERSION = YES;
				GCC_WARN_ABOUT_RETURN_TYPE = YES;
				GCC_WARN_UNINITIALIZED_AUTOS = YES;
				GCC_WARN_UNUSED_VARIABLE = YES;
				MACOSX_DEPLOYMENT_TARGET = 10.7;
				SDKROOT = macosx;
			};
			name = Release;
		};
		6829ED7E1534145D00AD2333 /* Debug */ = {
			isa = XCBuildConfiguration;
			buildSettings = {
				GCC_PRECOMPILE_PREFIX_HEADER = YES;
				GCC_PREFIX_HEADER = "DataDetectors/DataDetectors-Prefix.pch";
				INFOPLIST_FILE = "DataDetectors/DataDetectors-Info.plist";
				PRODUCT_NAME = "$(TARGET_NAME)";
				WRAPPER_EXTENSION = app;
			};
			name = Debug;
		};
		6829ED7F1534145D00AD2333 /* Release */ = {
			isa = XCBuildConfiguration;
			buildSettings = {
				GCC_PRECOMPILE_PREFIX_HEADER = YES;
				GCC_PREFIX_HEADER = "DataDetectors/DataDetectors-Prefix.pch";
				INFOPLIST_FILE = "DataDetectors/DataDetectors-Info.plist";
				PRODUCT_NAME = "$(TARGET_NAME)";
				WRAPPER_EXTENSION = app;
			};
			name = Release;
		};
/* End XCBuildConfiguration section */

/* Begin XCConfigurationList section */
		6829ED591534145D00AD2333 /* Build configuration list for PBXProject "DataDetectors" */ = {
			isa = XCConfigurationList;
			buildConfigurations = (
				6829ED7B1534145D00AD2333 /* Debug */,
				6829ED7C1534145D00AD2333 /* Release */,
			);
			defaultConfigurationIsVisible = 0;
			defaultConfigurationName = Release;
		};
		6829ED7D1534145D00AD2333 /* Build configuration list for PBXNativeTarget "DataDetectors" */ = {
			isa = XCConfigurationList;
			buildConfigurations = (
				6829ED7E1534145D00AD2333 /* Debug */,
				6829ED7F1534145D00AD2333 /* Release */,
			);
			defaultConfigurationIsVisible = 0;
			defaultConfigurationName = Release;
		};
/* End XCConfigurationList section */
	};
	rootObject = 6829ED561534145D00AD2333 /* Project object */;
}
