// !$*UTF8*$!
{
	archiveVersion = 1;
	classes = {
	};
	objectVersion = 46;
	objects = {

/* Begin PBXBuildFile section */
		33E6C48A1814D79B00D2D17D /* Foundation.framework in Frameworks */ = {isa = PBXBuildFile; fileRef = 33E6C4891814D79B00D2D17D /* Foundation.framework */; };
		33E6C48C1814D79B00D2D17D /* CoreGraphics.framework in Frameworks */ = {isa = PBXBuildFile; fileRef = 33E6C48B1814D79B00D2D17D /* CoreGraphics.framework */; };
		33E6C48E1814D79B00D2D17D /* UIKit.framework in Frameworks */ = {isa = PBXBuildFile; fileRef = 33E6C48D1814D79B00D2D17D /* UIKit.framework */; };
		33E6C4941814D79B00D2D17D /* InfoPlist.strings in Resources */ = {isa = PBXBuildFile; fileRef = 33E6C4921814D79B00D2D17D /* InfoPlist.strings */; };
		33E6C4961814D79B00D2D17D /* main.m in Sources */ = {isa = PBXBuildFile; fileRef = 33E6C4951814D79B00D2D17D /* main.m */; };
		33E6C49A1814D79B00D2D17D /* AppDelegate.m in Sources */ = {isa = PBXBuildFile; fileRef = 33E6C4991814D79B00D2D17D /* AppDelegate.m */; };
		33E6C49D1814D79B00D2D17D /* Main.storyboard in Resources */ = {isa = PBXBuildFile; fileRef = 33E6C49B1814D79B00D2D17D /* Main.storyboard */; };
		33E6C4A01814D79B00D2D17D /* ViewController.m in Sources */ = {isa = PBXBuildFile; fileRef = 33E6C49F1814D79B00D2D17D /* ViewController.m */; };
		33E6C4A21814D79B00D2D17D /* Images.xcassets in Resources */ = {isa = PBXBuildFile; fileRef = 33E6C4A11814D79B00D2D17D /* Images.xcassets */; };
		33E6C4A91814D79B00D2D17D /* XCTest.framework in Frameworks */ = {isa = PBXBuildFile; fileRef = 33E6C4A81814D79B00D2D17D /* XCTest.framework */; };
		33E6C4AA1814D79B00D2D17D /* Foundation.framework in Frameworks */ = {isa = PBXBuildFile; fileRef = 33E6C4891814D79B00D2D17D /* Foundation.framework */; };
		33E6C4AB1814D79B00D2D17D /* UIKit.framework in Frameworks */ = {isa = PBXBuildFile; fileRef = 33E6C48D1814D79B00D2D17D /* UIKit.framework */; };
		33E6C4B31814D79B00D2D17D /* InfoPlist.strings in Resources */ = {isa = PBXBuildFile; fileRef = 33E6C4B11814D79B00D2D17D /* InfoPlist.strings */; };
		33E6C4B51814D79B00D2D17D /* BlocksTests.m in Sources */ = {isa = PBXBuildFile; fileRef = 33E6C4B41814D79B00D2D17D /* BlocksTests.m */; };
/* End PBXBuildFile section */

/* Begin PBXContainerItemProxy section */
		33E6C4AC1814D79B00D2D17D /* PBXContainerItemProxy */ = {
			isa = PBXContainerItemProxy;
			containerPortal = 33E6C47E1814D79B00D2D17D /* Project object */;
			proxyType = 1;
			remoteGlobalIDString = 33E6C4851814D79B00D2D17D;
			remoteInfo = Blocks;
		};
/* End PBXContainerItemProxy section */

/* Begin PBXFileReference section */
		33E6C4861814D79B00D2D17D /* Blocks.app */ = {isa = PBXFileReference; explicitFileType = wrapper.application; includeInIndex = 0; path = Blocks.app; sourceTree = BUILT_PRODUCTS_DIR; };
		33E6C4891814D79B00D2D17D /* Foundation.framework */ = {isa = PBXFileReference; lastKnownFileType = wrapper.framework; name = Foundation.framework; path = System/Library/Frameworks/Foundation.framework; sourceTree = SDKROOT; };
		33E6C48B1814D79B00D2D17D /* CoreGraphics.framework */ = {isa = PBXFileReference; lastKnownFileType = wrapper.framework; name = CoreGraphics.framework; path = System/Library/Frameworks/CoreGraphics.framework; sourceTree = SDKROOT; };
		33E6C48D1814D79B00D2D17D /* UIKit.framework */ = {isa = PBXFileReference; lastKnownFileType = wrapper.framework; name = UIKit.framework; path = System/Library/Frameworks/UIKit.framework; sourceTree = SDKROOT; };
		33E6C4911814D79B00D2D17D /* Blocks-Info.plist */ = {isa = PBXFileReference; lastKnownFileType = text.plist.xml; path = "Blocks-Info.plist"; sourceTree = "<group>"; };
		33E6C4931814D79B00D2D17D /* en */ = {isa = PBXFileReference; lastKnownFileType = text.plist.strings; name = en; path = en.lproj/InfoPlist.strings; sourceTree = "<group>"; };
		33E6C4951814D79B00D2D17D /* main.m */ = {isa = PBXFileReference; lastKnownFileType = sourcecode.c.objc; path = main.m; sourceTree = "<group>"; };
		33E6C4971814D79B00D2D17D /* Blocks-Prefix.pch */ = {isa = PBXFileReference; lastKnownFileType = sourcecode.c.h; path = "Blocks-Prefix.pch"; sourceTree = "<group>"; };
		33E6C4981814D79B00D2D17D /* AppDelegate.h */ = {isa = PBXFileReference; lastKnownFileType = sourcecode.c.h; path = AppDelegate.h; sourceTree = "<group>"; };
		33E6C4991814D79B00D2D17D /* AppDelegate.m */ = {isa = PBXFileReference; lastKnownFileType = sourcecode.c.objc; path = AppDelegate.m; sourceTree = "<group>"; };
		33E6C49C1814D79B00D2D17D /* Base */ = {isa = PBXFileReference; lastKnownFileType = file.storyboard; name = Base; path = Base.lproj/Main.storyboard; sourceTree = "<group>"; };
		33E6C49E1814D79B00D2D17D /* ViewController.h */ = {isa = PBXFileReference; lastKnownFileType = sourcecode.c.h; path = ViewController.h; sourceTree = "<group>"; };
		33E6C49F1814D79B00D2D17D /* ViewController.m */ = {isa = PBXFileReference; lastKnownFileType = sourcecode.c.objc; path = ViewController.m; sourceTree = "<group>"; };
		33E6C4A11814D79B00D2D17D /* Images.xcassets */ = {isa = PBXFileReference; lastKnownFileType = folder.assetcatalog; path = Images.xcassets; sourceTree = "<group>"; };
		33E6C4A71814D79B00D2D17D /* BlocksTests.xctest */ = {isa = PBXFileReference; explicitFileType = wrapper.cfbundle; includeInIndex = 0; path = BlocksTests.xctest; sourceTree = BUILT_PRODUCTS_DIR; };
		33E6C4A81814D79B00D2D17D /* XCTest.framework */ = {isa = PBXFileReference; lastKnownFileType = wrapper.framework; name = XCTest.framework; path = Library/Frameworks/XCTest.framework; sourceTree = DEVELOPER_DIR; };
		33E6C4B01814D79B00D2D17D /* BlocksTests-Info.plist */ = {isa = PBXFileReference; lastKnownFileType = text.plist.xml; path = "BlocksTests-Info.plist"; sourceTree = "<group>"; };
		33E6C4B21814D79B00D2D17D /* en */ = {isa = PBXFileReference; lastKnownFileType = text.plist.strings; name = en; path = en.lproj/InfoPlist.strings; sourceTree = "<group>"; };
		33E6C4B41814D79B00D2D17D /* BlocksTests.m */ = {isa = PBXFileReference; lastKnownFileType = sourcecode.c.objc; path = BlocksTests.m; sourceTree = "<group>"; };
/* End PBXFileReference section */

/* Begin PBXFrameworksBuildPhase section */
		33E6C4831814D79B00D2D17D /* Frameworks */ = {
			isa = PBXFrameworksBuildPhase;
			buildActionMask = 2147483647;
			files = (
				33E6C48C1814D79B00D2D17D /* CoreGraphics.framework in Frameworks */,
				33E6C48E1814D79B00D2D17D /* UIKit.framework in Frameworks */,
				33E6C48A1814D79B00D2D17D /* Foundation.framework in Frameworks */,
			);
			runOnlyForDeploymentPostprocessing = 0;
		};
		33E6C4A41814D79B00D2D17D /* Frameworks */ = {
			isa = PBXFrameworksBuildPhase;
			buildActionMask = 2147483647;
			files = (
				33E6C4A91814D79B00D2D17D /* XCTest.framework in Frameworks */,
				33E6C4AB1814D79B00D2D17D /* UIKit.framework in Frameworks */,
				33E6C4AA1814D79B00D2D17D /* Foundation.framework in Frameworks */,
			);
			runOnlyForDeploymentPostprocessing = 0;
		};
/* End PBXFrameworksBuildPhase section */

/* Begin PBXGroup section */
		33E6C47D1814D79B00D2D17D = {
			isa = PBXGroup;
			children = (
				33E6C48F1814D79B00D2D17D /* Blocks */,
				33E6C4AE1814D79B00D2D17D /* BlocksTests */,
				33E6C4881814D79B00D2D17D /* Frameworks */,
				33E6C4871814D79B00D2D17D /* Products */,
			);
			sourceTree = "<group>";
		};
		33E6C4871814D79B00D2D17D /* Products */ = {
			isa = PBXGroup;
			children = (
				33E6C4861814D79B00D2D17D /* Blocks.app */,
				33E6C4A71814D79B00D2D17D /* BlocksTests.xctest */,
			);
			name = Products;
			sourceTree = "<group>";
		};
		33E6C4881814D79B00D2D17D /* Frameworks */ = {
			isa = PBXGroup;
			children = (
				33E6C4891814D79B00D2D17D /* Foundation.framework */,
				33E6C48B1814D79B00D2D17D /* CoreGraphics.framework */,
				33E6C48D1814D79B00D2D17D /* UIKit.framework */,
				33E6C4A81814D79B00D2D17D /* XCTest.framework */,
			);
			name = Frameworks;
			sourceTree = "<group>";
		};
		33E6C48F1814D79B00D2D17D /* Blocks */ = {
			isa = PBXGroup;
			children = (
				33E6C4981814D79B00D2D17D /* AppDelegate.h */,
				33E6C4991814D79B00D2D17D /* AppDelegate.m */,
				33E6C49B1814D79B00D2D17D /* Main.storyboard */,
				33E6C49E1814D79B00D2D17D /* ViewController.h */,
				33E6C49F1814D79B00D2D17D /* ViewController.m */,
				33E6C4A11814D79B00D2D17D /* Images.xcassets */,
				33E6C4901814D79B00D2D17D /* Supporting Files */,
			);
			path = Blocks;
			sourceTree = "<group>";
		};
		33E6C4901814D79B00D2D17D /* Supporting Files */ = {
			isa = PBXGroup;
			children = (
				33E6C4911814D79B00D2D17D /* Blocks-Info.plist */,
				33E6C4921814D79B00D2D17D /* InfoPlist.strings */,
				33E6C4951814D79B00D2D17D /* main.m */,
				33E6C4971814D79B00D2D17D /* Blocks-Prefix.pch */,
			);
			name = "Supporting Files";
			sourceTree = "<group>";
		};
		33E6C4AE1814D79B00D2D17D /* BlocksTests */ = {
			isa = PBXGroup;
			children = (
				33E6C4B41814D79B00D2D17D /* BlocksTests.m */,
				33E6C4AF1814D79B00D2D17D /* Supporting Files */,
			);
			path = BlocksTests;
			sourceTree = "<group>";
		};
		33E6C4AF1814D79B00D2D17D /* Supporting Files */ = {
			isa = PBXGroup;
			children = (
				33E6C4B01814D79B00D2D17D /* BlocksTests-Info.plist */,
				33E6C4B11814D79B00D2D17D /* InfoPlist.strings */,
			);
			name = "Supporting Files";
			sourceTree = "<group>";
		};
/* End PBXGroup section */

/* Begin PBXNativeTarget section */
		33E6C4851814D79B00D2D17D /* Blocks */ = {
			isa = PBXNativeTarget;
			buildConfigurationList = 33E6C4B81814D79B00D2D17D /* Build configuration list for PBXNativeTarget "Blocks" */;
			buildPhases = (
				33E6C4821814D79B00D2D17D /* Sources */,
				33E6C4831814D79B00D2D17D /* Frameworks */,
				33E6C4841814D79B00D2D17D /* Resources */,
			);
			buildRules = (
			);
			dependencies = (
			);
			name = Blocks;
			productName = Blocks;
			productReference = 33E6C4861814D79B00D2D17D /* Blocks.app */;
			productType = "com.apple.product-type.application";
		};
		33E6C4A61814D79B00D2D17D /* BlocksTests */ = {
			isa = PBXNativeTarget;
			buildConfigurationList = 33E6C4BB1814D79B00D2D17D /* Build configuration list for PBXNativeTarget "BlocksTests" */;
			buildPhases = (
				33E6C4A31814D79B00D2D17D /* Sources */,
				33E6C4A41814D79B00D2D17D /* Frameworks */,
				33E6C4A51814D79B00D2D17D /* Resources */,
			);
			buildRules = (
			);
			dependencies = (
				33E6C4AD1814D79B00D2D17D /* PBXTargetDependency */,
			);
			name = BlocksTests;
			productName = BlocksTests;
			productReference = 33E6C4A71814D79B00D2D17D /* BlocksTests.xctest */;
			productType = "com.apple.product-type.bundle.unit-test";
		};
/* End PBXNativeTarget section */

/* Begin PBXProject section */
		33E6C47E1814D79B00D2D17D /* Project object */ = {
			isa = PBXProject;
			attributes = {
				LastUpgradeCheck = 0500;
				ORGANIZATIONNAME = "Tim Nugent";
				TargetAttributes = {
					33E6C4A61814D79B00D2D17D = {
						TestTargetID = 33E6C4851814D79B00D2D17D;
					};
				};
			};
			buildConfigurationList = 33E6C4811814D79B00D2D17D /* Build configuration list for PBXProject "Blocks" */;
			compatibilityVersion = "Xcode 3.2";
			developmentRegion = English;
			hasScannedForEncodings = 0;
			knownRegions = (
				en,
				Base,
			);
			mainGroup = 33E6C47D1814D79B00D2D17D;
			productRefGroup = 33E6C4871814D79B00D2D17D /* Products */;
			projectDirPath = "";
			projectRoot = "";
			targets = (
				33E6C4851814D79B00D2D17D /* Blocks */,
				33E6C4A61814D79B00D2D17D /* BlocksTests */,
			);
		};
/* End PBXProject section */

/* Begin PBXResourcesBuildPhase section */
		33E6C4841814D79B00D2D17D /* Resources */ = {
			isa = PBXResourcesBuildPhase;
			buildActionMask = 2147483647;
			files = (
				33E6C4A21814D79B00D2D17D /* Images.xcassets in Resources */,
				33E6C4941814D79B00D2D17D /* InfoPlist.strings in Resources */,
				33E6C49D1814D79B00D2D17D /* Main.storyboard in Resources */,
			);
			runOnlyForDeploymentPostprocessing = 0;
		};
		33E6C4A51814D79B00D2D17D /* Resources */ = {
			isa = PBXResourcesBuildPhase;
			buildActionMask = 2147483647;
			files = (
				33E6C4B31814D79B00D2D17D /* InfoPlist.strings in Resources */,
			);
			runOnlyForDeploymentPostprocessing = 0;
		};
/* End PBXResourcesBuildPhase section */

/* Begin PBXSourcesBuildPhase section */
		33E6C4821814D79B00D2D17D /* Sources */ = {
			isa = PBXSourcesBuildPhase;
			buildActionMask = 2147483647;
			files = (
				33E6C4A01814D79B00D2D17D /* ViewController.m in Sources */,
				33E6C49A1814D79B00D2D17D /* AppDelegate.m in Sources */,
				33E6C4961814D79B00D2D17D /* main.m in Sources */,
			);
			runOnlyForDeploymentPostprocessing = 0;
		};
		33E6C4A31814D79B00D2D17D /* Sources */ = {
			isa = PBXSourcesBuildPhase;
			buildActionMask = 2147483647;
			files = (
				33E6C4B51814D79B00D2D17D /* BlocksTests.m in Sources */,
			);
			runOnlyForDeploymentPostprocessing = 0;
		};
/* End PBXSourcesBuildPhase section */

/* Begin PBXTargetDependency section */
		33E6C4AD1814D79B00D2D17D /* PBXTargetDependency */ = {
			isa = PBXTargetDependency;
			target = 33E6C4851814D79B00D2D17D /* Blocks */;
			targetProxy = 33E6C4AC1814D79B00D2D17D /* PBXContainerItemProxy */;
		};
/* End PBXTargetDependency section */

/* Begin PBXVariantGroup section */
		33E6C4921814D79B00D2D17D /* InfoPlist.strings */ = {
			isa = PBXVariantGroup;
			children = (
				33E6C4931814D79B00D2D17D /* en */,
			);
			name = InfoPlist.strings;
			sourceTree = "<group>";
		};
		33E6C49B1814D79B00D2D17D /* Main.storyboard */ = {
			isa = PBXVariantGroup;
			children = (
				33E6C49C1814D79B00D2D17D /* Base */,
			);
			name = Main.storyboard;
			sourceTree = "<group>";
		};
		33E6C4B11814D79B00D2D17D /* InfoPlist.strings */ = {
			isa = PBXVariantGroup;
			children = (
				33E6C4B21814D79B00D2D17D /* en */,
			);
			name = InfoPlist.strings;
			sourceTree = "<group>";
		};
/* End PBXVariantGroup section */

/* Begin XCBuildConfiguration section */
		33E6C4B61814D79B00D2D17D /* Debug */ = {
			isa = XCBuildConfiguration;
			buildSettings = {
				ALWAYS_SEARCH_USER_PATHS = NO;
				ARCHS = "$(ARCHS_STANDARD_INCLUDING_64_BIT)";
				CLANG_CXX_LANGUAGE_STANDARD = "gnu++0x";
				CLANG_CXX_LIBRARY = "libc++";
				CLANG_ENABLE_MODULES = YES;
				CLANG_ENABLE_OBJC_ARC = YES;
				CLANG_WARN_BOOL_CONVERSION = YES;
				CLANG_WARN_CONSTANT_CONVERSION = YES;
				CLANG_WARN_DIRECT_OBJC_ISA_USAGE = YES_ERROR;
				CLANG_WARN_EMPTY_BODY = YES;
				CLANG_WARN_ENUM_CONVERSION = YES;
				CLANG_WARN_INT_CONVERSION = YES;
				CLANG_WARN_OBJC_ROOT_CLASS = YES_ERROR;
				CLANG_WARN__DUPLICATE_METHOD_MATCH = YES;
				"CODE_SIGN_IDENTITY[sdk=iphoneos*]" = "iPhone Developer";
				COPY_PHASE_STRIP = NO;
				GCC_C_LANGUAGE_STANDARD = gnu99;
				GCC_DYNAMIC_NO_PIC = NO;
				GCC_OPTIMIZATION_LEVEL = 0;
				GCC_PREPROCESSOR_DEFINITIONS = (
					"DEBUG=1",
					"$(inherited)",
				);
				GCC_SYMBOLS_PRIVATE_EXTERN = NO;
				GCC_WARN_64_TO_32_BIT_CONVERSION = YES;
				GCC_WARN_ABOUT_RETURN_TYPE = YES_ERROR;
				GCC_WARN_UNDECLARED_SELECTOR = YES;
				GCC_WARN_UNINITIALIZED_AUTOS = YES;
				GCC_WARN_UNUSED_FUNCTION = YES;
				GCC_WARN_UNUSED_VARIABLE = YES;
				IPHONEOS_DEPLOYMENT_TARGET = 7.0;
				ONLY_ACTIVE_ARCH = YES;
				SDKROOT = iphoneos;
			};
			name = Debug;
		};
		33E6C4B71814D79B00D2D17D /* Release */ = {
			isa = XCBuildConfiguration;
			buildSettings = {
				ALWAYS_SEARCH_USER_PATHS = NO;
				ARCHS = "$(ARCHS_STANDARD_INCLUDING_64_BIT)";
				CLANG_CXX_LANGUAGE_STANDARD = "gnu++0x";
				CLANG_CXX_LIBRARY = "libc++";
				CLANG_ENABLE_MODULES = YES;
				CLANG_ENABLE_OBJC_ARC = YES;
				CLANG_WARN_BOOL_CONVERSION = YES;
				CLANG_WARN_CONSTANT_CONVERSION = YES;
				CLANG_WARN_DIRECT_OBJC_ISA_USAGE = YES_ERROR;
				CLANG_WARN_EMPTY_BODY = YES;
				CLANG_WARN_ENUM_CONVERSION = YES;
				CLANG_WARN_INT_CONVERSION = YES;
				CLANG_WARN_OBJC_ROOT_CLASS = YES_ERROR;
				CLANG_WARN__DUPLICATE_METHOD_MATCH = YES;
				"CODE_SIGN_IDENTITY[sdk=iphoneos*]" = "iPhone Distribution";
				COPY_PHASE_STRIP = YES;
				ENABLE_NS_ASSERTIONS = NO;
				GCC_C_LANGUAGE_STANDARD = gnu99;
				GCC_WARN_64_TO_32_BIT_CONVERSION = YES;
				GCC_WARN_ABOUT_RETURN_TYPE = YES_ERROR;
				GCC_WARN_UNDECLARED_SELECTOR = YES;
				GCC_WARN_UNINITIALIZED_AUTOS = YES;
				GCC_WARN_UNUSED_FUNCTION = YES;
				GCC_WARN_UNUSED_VARIABLE = YES;
				IPHONEOS_DEPLOYMENT_TARGET = 7.0;
				SDKROOT = iphoneos;
				VALIDATE_PRODUCT = YES;
			};
			name = Release;
		};
		33E6C4B91814D79B00D2D17D /* Debug */ = {
			isa = XCBuildConfiguration;
			buildSettings = {
				ASSETCATALOG_COMPILER_APPICON_NAME = AppIcon;
				ASSETCATALOG_COMPILER_LAUNCHIMAGE_NAME = LaunchImage;
				GCC_PRECOMPILE_PREFIX_HEADER = YES;
				GCC_PREFIX_HEADER = "Blocks/Blocks-Prefix.pch";
				INFOPLIST_FILE = "Blocks/Blocks-Info.plist";
				PRODUCT_NAME = "$(TARGET_NAME)";
				WRAPPER_EXTENSION = app;
			};
			name = Debug;
		};
		33E6C4BA1814D79B00D2D17D /* Release */ = {
			isa = XCBuildConfiguration;
			buildSettings = {
				ASSETCATALOG_COMPILER_APPICON_NAME = AppIcon;
				ASSETCATALOG_COMPILER_LAUNCHIMAGE_NAME = LaunchImage;
				GCC_PRECOMPILE_PREFIX_HEADER = YES;
				GCC_PREFIX_HEADER = "Blocks/Blocks-Prefix.pch";
				INFOPLIST_FILE = "Blocks/Blocks-Info.plist";
				PRODUCT_NAME = "$(TARGET_NAME)";
				WRAPPER_EXTENSION = app;
			};
			name = Release;
		};
		33E6C4BC1814D79B00D2D17D /* Debug */ = {
			isa = XCBuildConfiguration;
			buildSettings = {
				ARCHS = "$(ARCHS_STANDARD_INCLUDING_64_BIT)";
				BUNDLE_LOADER = "$(BUILT_PRODUCTS_DIR)/Blocks.app/Blocks";
				FRAMEWORK_SEARCH_PATHS = (
					"$(SDKROOT)/Developer/Library/Frameworks",
					"$(inherited)",
					"$(DEVELOPER_FRAMEWORKS_DIR)",
				);
				GCC_PRECOMPILE_PREFIX_HEADER = YES;
				GCC_PREFIX_HEADER = "Blocks/Blocks-Prefix.pch";
				GCC_PREPROCESSOR_DEFINITIONS = (
					"DEBUG=1",
					"$(inherited)",
				);
				INFOPLIST_FILE = "BlocksTests/BlocksTests-Info.plist";
				PRODUCT_NAME = "$(TARGET_NAME)";
				TEST_HOST = "$(BUNDLE_LOADER)";
				WRAPPER_EXTENSION = xctest;
			};
			name = Debug;
		};
		33E6C4BD1814D79B00D2D17D /* Release */ = {
			isa = XCBuildConfiguration;
			buildSettings = {
				ARCHS = "$(ARCHS_STANDARD_INCLUDING_64_BIT)";
				BUNDLE_LOADER = "$(BUILT_PRODUCTS_DIR)/Blocks.app/Blocks";
				FRAMEWORK_SEARCH_PATHS = (
					"$(SDKROOT)/Developer/Library/Frameworks",
					"$(inherited)",
					"$(DEVELOPER_FRAMEWORKS_DIR)",
				);
				GCC_PRECOMPILE_PREFIX_HEADER = YES;
				GCC_PREFIX_HEADER = "Blocks/Blocks-Prefix.pch";
				INFOPLIST_FILE = "BlocksTests/BlocksTests-Info.plist";
				PRODUCT_NAME = "$(TARGET_NAME)";
				TEST_HOST = "$(BUNDLE_LOADER)";
				WRAPPER_EXTENSION = xctest;
			};
			name = Release;
		};
/* End XCBuildConfiguration section */

/* Begin XCConfigurationList section */
		33E6C4811814D79B00D2D17D /* Build configuration list for PBXProject "Blocks" */ = {
			isa = XCConfigurationList;
			buildConfigurations = (
				33E6C4B61814D79B00D2D17D /* Debug */,
				33E6C4B71814D79B00D2D17D /* Release */,
			);
			defaultConfigurationIsVisible = 0;
			defaultConfigurationName = Release;
		};
		33E6C4B81814D79B00D2D17D /* Build configuration list for PBXNativeTarget "Blocks" */ = {
			isa = XCConfigurationList;
			buildConfigurations = (
				33E6C4B91814D79B00D2D17D /* Debug */,
				33E6C4BA1814D79B00D2D17D /* Release */,
			);
			defaultConfigurationIsVisible = 0;
			defaultConfigurationName = Release;
		};
		33E6C4BB1814D79B00D2D17D /* Build configuration list for PBXNativeTarget "BlocksTests" */ = {
			isa = XCConfigurationList;
			buildConfigurations = (
				33E6C4BC1814D79B00D2D17D /* Debug */,
				33E6C4BD1814D79B00D2D17D /* Release */,
			);
			defaultConfigurationIsVisible = 0;
			defaultConfigurationName = Release;
		};
/* End XCConfigurationList section */
	};
	rootObject = 33E6C47E1814D79B00D2D17D /* Project object */;
}
